
Microsoft Visual Studio Solution File, Format Version 12.00
# Visual Studio Version 17
VisualStudioVersion = 17.7.34221.43
MinimumVisualStudioVersion = 10.0.40219.1
Project("{FAE04EC0-301F-11D3-BF4B-00C04F79EFBC}") = "EmployeeAPI", "EmployeeAPI\EmployeeAPI.csproj", "{DB105269-F3F0-4128-BF8D-615F5785F41E}"
EndProject
Global
	GlobalSection(SolutionConfigurationPlatforms) = preSolution
		Debug|Any CPU = Debug|Any CPU
		Release|Any CPU = Release|Any CPU
	EndGlobalSection
	GlobalSection(ProjectConfigurationPlatforms) = postSolution
		{DB105269-F3F0-4128-BF8D-615F5785F41E}.Debug|Any CPU.ActiveCfg = Debug|Any CPU
		{DB105269-F3F0-4128-BF8D-615F5785F41E}.Debug|Any CPU.Build.0 = Debug|Any CPU
		{DB105269-F3F0-4128-BF8D-615F5785F41E}.Release|Any CPU.ActiveCfg = Release|Any CPU
		{DB105269-F3F0-4128-BF8D-615F5785F41E}.Release|Any CPU.Build.0 = Release|Any CPU
	EndGlobalSection
	GlobalSection(SolutionProperties) = preSolution
		HideSolutionNode = FALSE
	EndGlobalSection
	GlobalSection(ExtensibilityGlobals) = postSolution
		SolutionGuid = {0768896A-FB98-4930-9881-21009B1E787F}
	EndGlobalSection
EndGlobal
